
Microsoft Visual Studio Solution File, Format Version 12.00
# Visual Studio Version 16
VisualStudioVersion = 16.0.30011.22
MinimumVisualStudioVersion = 10.0.40219.1
Project("{FAE04EC0-301F-11D3-BF4B-00C04F79EFBC}") = "JenkinsDocker_Demo", "JenkinsDocker_Demo.csproj", "{3D956903-90F6-4787-AC46-ECEFDAC85AE4}"
EndProject
Global
	GlobalSection(SolutionConfigurationPlatforms) = preSolution
		Debug|Any CPU = Debug|Any CPU
		Release|Any CPU = Release|Any CPU
	EndGlobalSection
	GlobalSection(ProjectConfigurationPlatforms) = postSolution
		{3D956903-90F6-4787-AC46-ECEFDAC85AE4}.Debug|Any CPU.ActiveCfg = Debug|Any CPU
		{3D956903-90F6-4787-AC46-ECEFDAC85AE4}.Debug|Any CPU.Build.0 = Debug|Any CPU
		{3D956903-90F6-4787-AC46-ECEFDAC85AE4}.Release|Any CPU.ActiveCfg = Release|Any CPU
		{3D956903-90F6-4787-AC46-ECEFDAC85AE4}.Release|Any CPU.Build.0 = Release|Any CPU
	EndGlobalSection
	GlobalSection(SolutionProperties) = preSolution
		HideSolutionNode = FALSE
	EndGlobalSection
	GlobalSection(ExtensibilityGlobals) = postSolution
		SolutionGuid = {F07C7C91-6720-4D10-8087-B620EE3F4592}
	EndGlobalSection
EndGlobal
